Microsoft Visual Studio Solution File, Format Version 12.00
# Visual Studio Version 17
VisualStudioVersion = 17.5.2.0
MinimumVisualStudioVersion = 10.0.40219.1
Project("{FAE04EC0-301F-11D3-BF4B-00C04F79EFBC}") = "Classroom.AppHost", "Classroom.AppHost.csproj", "{EA0FEDC4-551A-7371-F3BD-E6CE4A43882C}"
EndProject
Global
	GlobalSection(SolutionConfigurationPlatforms) = preSolution
		Debug|Any CPU = Debug|Any CPU
		Release|Any CPU = Release|Any CPU
	EndGlobalSection
	GlobalSection(ProjectConfigurationPlatforms) = postSolution
		{EA0FEDC4-551A-7371-F3BD-E6CE4A43882C}.Debug|Any CPU.ActiveCfg = Debug|Any CPU
		{EA0FEDC4-551A-7371-F3BD-E6CE4A43882C}.Debug|Any CPU.Build.0 = Debug|Any CPU
		{EA0FEDC4-551A-7371-F3BD-E6CE4A43882C}.Release|Any CPU.ActiveCfg = Release|Any CPU
		{EA0FEDC4-551A-7371-F3BD-E6CE4A43882C}.Release|Any CPU.Build.0 = Release|Any CPU
	EndGlobalSection
	GlobalSection(SolutionProperties) = preSolution
		HideSolutionNode = FALSE
	EndGlobalSection
	GlobalSection(ExtensibilityGlobals) = postSolution
		SolutionGuid = {204C5912-9E17-4002-9887-04F4FBA3AD08}
	EndGlobalSection
EndGlobal
