
Microsoft Visual Studio Solution File, Format Version 12.00
# Visual Studio Version 17
VisualStudioVersion = 17.5.002.0
MinimumVisualStudioVersion = 10.0.40219.1
Project("{9A19103F-16F7-4668-BE54-9A1E7A4F7556}") = "Api", "Solution\Api.csproj", "{A54F64CF-F641-4C16-BDDD-B5D5748274F6}"
EndProject
Global
	GlobalSection(SolutionConfigurationPlatforms) = preSolution
		Debug|Any CPU = Debug|Any CPU
		Release|Any CPU = Release|Any CPU
	EndGlobalSection
	GlobalSection(ProjectConfigurationPlatforms) = postSolution
		{A54F64CF-F641-4C16-BDDD-B5D5748274F6}.Debug|Any CPU.ActiveCfg = Debug|Any CPU
		{A54F64CF-F641-4C16-BDDD-B5D5748274F6}.Debug|Any CPU.Build.0 = Debug|Any CPU
		{A54F64CF-F641-4C16-BDDD-B5D5748274F6}.Release|Any CPU.ActiveCfg = Release|Any CPU
		{A54F64CF-F641-4C16-BDDD-B5D5748274F6}.Release|Any CPU.Build.0 = Release|Any CPU
	EndGlobalSection
	GlobalSection(SolutionProperties) = preSolution
		HideSolutionNode = FALSE
	EndGlobalSection
	GlobalSection(ExtensibilityGlobals) = postSolution
		SolutionGuid = {828C5AE4-523D-48B7-B274-C54A40FEAC43}
	EndGlobalSection
EndGlobal
