
Microsoft Visual Studio Solution File, Format Version 12.00
# Visual Studio Version 17
VisualStudioVersion = 17.13.35931.197
MinimumVisualStudioVersion = 10.0.40219.1
Project("{FAE04EC0-301F-11D3-BF4B-00C04F79EFBC}") = "Classroom.App", "Classroom.App\Classroom.App.csproj", "{FFE5DDB9-D684-4F34-8953-395C6E9B6D53}"
EndProject
Project("{FAE04EC0-301F-11D3-BF4B-00C04F79EFBC}") = "Classroom.App.Client", "Classroom.App.Client\Classroom.App.Client.csproj", "{B51F0A5B-810D-4B8A-B625-0E890345901C}"
EndProject
Project("{FAE04EC0-301F-11D3-BF4B-00C04F79EFBC}") = "Classroom.Api", "Classroom.Api\Classroom.Api.csproj", "{08F63390-5F52-4E33-BAF4-72FF472D5840}"
EndProject
Project("{FAE04EC0-301F-11D3-BF4B-00C04F79EFBC}") = "Classroom.Api.Repository", "Classroom.Api.Repository\Classroom.Api.Repository.csproj", "{7924FA71-863F-4B2B-936C-AA09A7062FE3}"
EndProject
Project("{FAE04EC0-301F-11D3-BF4B-00C04F79EFBC}") = "Classroom.Poco", "Classroom.Poco\Classroom.Poco.csproj", "{C892B4D9-7B7D-21FA-7E66-407EDD0030F9}"
EndProject
Project("{00D1A9C2-B5F0-4AF3-8072-F6C62B433612}") = "Classroom.Sql", "Classroom.Sql\Classroom.Sql.sqlproj", "{F55C5FDA-501C-45D1-A0BA-6D352730A73C}"
EndProject
Project("{2150E333-8FDC-42A3-9474-1A3956D46DE8}") = "Modernize", "Modernize", "{02EA681E-C7D8-13C7-8484-4AC65E1B71E8}"
	ProjectSection(SolutionItems) = preProject
		Solution.dgml = Solution.dgml
	EndProjectSection
EndProject
Project("{FAE04EC0-301F-11D3-BF4B-00C04F79EFBC}") = "Classroom.AppHost", "Classroom.AppHost\Classroom.AppHost.csproj", "{3E55A65B-FF64-4F77-B1BC-B75251786EA0}"
EndProject
Project("{F088123C-0E9E-452A-89E6-6BA2F21D5CAC}") = "Classroom.DependencyValidation", "Classroom.DependencyValidation\Classroom.DependencyValidation.modelproj", "{6488292E-16C2-5EAF-7E6F-15CE63196377}"
EndProject
Global
	GlobalSection(SolutionConfigurationPlatforms) = preSolution
		Debug|Any CPU = Debug|Any CPU
		Debug|x64 = Debug|x64
		Debug|x86 = Debug|x86
		Release|Any CPU = Release|Any CPU
		Release|x64 = Release|x64
		Release|x86 = Release|x86
	EndGlobalSection
	GlobalSection(ProjectConfigurationPlatforms) = postSolution
		{FFE5DDB9-D684-4F34-8953-395C6E9B6D53}.Debug|Any CPU.ActiveCfg = Debug|Any CPU
		{FFE5DDB9-D684-4F34-8953-395C6E9B6D53}.Debug|Any CPU.Build.0 = Debug|Any CPU
		{FFE5DDB9-D684-4F34-8953-395C6E9B6D53}.Debug|x64.ActiveCfg = Debug|Any CPU
		{FFE5DDB9-D684-4F34-8953-395C6E9B6D53}.Debug|x64.Build.0 = Debug|Any CPU
		{FFE5DDB9-D684-4F34-8953-395C6E9B6D53}.Debug|x86.ActiveCfg = Debug|Any CPU
		{FFE5DDB9-D684-4F34-8953-395C6E9B6D53}.Debug|x86.Build.0 = Debug|Any CPU
		{FFE5DDB9-D684-4F34-8953-395C6E9B6D53}.Release|Any CPU.ActiveCfg = Release|Any CPU
		{FFE5DDB9-D684-4F34-8953-395C6E9B6D53}.Release|Any CPU.Build.0 = Release|Any CPU
		{FFE5DDB9-D684-4F34-8953-395C6E9B6D53}.Release|x64.ActiveCfg = Release|Any CPU
		{FFE5DDB9-D684-4F34-8953-395C6E9B6D53}.Release|x64.Build.0 = Release|Any CPU
		{FFE5DDB9-D684-4F34-8953-395C6E9B6D53}.Release|x86.ActiveCfg = Release|Any CPU
		{FFE5DDB9-D684-4F34-8953-395C6E9B6D53}.Release|x86.Build.0 = Release|Any CPU
		{B51F0A5B-810D-4B8A-B625-0E890345901C}.Debug|Any CPU.ActiveCfg = Debug|Any CPU
		{B51F0A5B-810D-4B8A-B625-0E890345901C}.Debug|Any CPU.Build.0 = Debug|Any CPU
		{B51F0A5B-810D-4B8A-B625-0E890345901C}.Debug|x64.ActiveCfg = Debug|Any CPU
		{B51F0A5B-810D-4B8A-B625-0E890345901C}.Debug|x64.Build.0 = Debug|Any CPU
		{B51F0A5B-810D-4B8A-B625-0E890345901C}.Debug|x86.ActiveCfg = Debug|Any CPU
		{B51F0A5B-810D-4B8A-B625-0E890345901C}.Debug|x86.Build.0 = Debug|Any CPU
		{B51F0A5B-810D-4B8A-B625-0E890345901C}.Release|Any CPU.ActiveCfg = Release|Any CPU
		{B51F0A5B-810D-4B8A-B625-0E890345901C}.Release|Any CPU.Build.0 = Release|Any CPU
		{B51F0A5B-810D-4B8A-B625-0E890345901C}.Release|x64.ActiveCfg = Release|Any CPU
		{B51F0A5B-810D-4B8A-B625-0E890345901C}.Release|x64.Build.0 = Release|Any CPU
		{B51F0A5B-810D-4B8A-B625-0E890345901C}.Release|x86.ActiveCfg = Release|Any CPU
		{B51F0A5B-810D-4B8A-B625-0E890345901C}.Release|x86.Build.0 = Release|Any CPU
		{08F63390-5F52-4E33-BAF4-72FF472D5840}.Debug|Any CPU.ActiveCfg = Debug|Any CPU
		{08F63390-5F52-4E33-BAF4-72FF472D5840}.Debug|Any CPU.Build.0 = Debug|Any CPU
		{08F63390-5F52-4E33-BAF4-72FF472D5840}.Debug|x64.ActiveCfg = Debug|Any CPU
		{08F63390-5F52-4E33-BAF4-72FF472D5840}.Debug|x64.Build.0 = Debug|Any CPU
		{08F63390-5F52-4E33-BAF4-72FF472D5840}.Debug|x86.ActiveCfg = Debug|Any CPU
		{08F63390-5F52-4E33-BAF4-72FF472D5840}.Debug|x86.Build.0 = Debug|Any CPU
		{08F63390-5F52-4E33-BAF4-72FF472D5840}.Release|Any CPU.ActiveCfg = Release|Any CPU
		{08F63390-5F52-4E33-BAF4-72FF472D5840}.Release|Any CPU.Build.0 = Release|Any CPU
		{08F63390-5F52-4E33-BAF4-72FF472D5840}.Release|x64.ActiveCfg = Release|Any CPU
		{08F63390-5F52-4E33-BAF4-72FF472D5840}.Release|x64.Build.0 = Release|Any CPU
		{08F63390-5F52-4E33-BAF4-72FF472D5840}.Release|x86.ActiveCfg = Release|Any CPU
		{08F63390-5F52-4E33-BAF4-72FF472D5840}.Release|x86.Build.0 = Release|Any CPU
		{7924FA71-863F-4B2B-936C-AA09A7062FE3}.Debug|Any CPU.ActiveCfg = Debug|Any CPU
		{7924FA71-863F-4B2B-936C-AA09A7062FE3}.Debug|Any CPU.Build.0 = Debug|Any CPU
		{7924FA71-863F-4B2B-936C-AA09A7062FE3}.Debug|x64.ActiveCfg = Debug|Any CPU
		{7924FA71-863F-4B2B-936C-AA09A7062FE3}.Debug|x64.Build.0 = Debug|Any CPU
		{7924FA71-863F-4B2B-936C-AA09A7062FE3}.Debug|x86.ActiveCfg = Debug|Any CPU
		{7924FA71-863F-4B2B-936C-AA09A7062FE3}.Debug|x86.Build.0 = Debug|Any CPU
		{7924FA71-863F-4B2B-936C-AA09A7062FE3}.Release|Any CPU.ActiveCfg = Release|Any CPU
		{7924FA71-863F-4B2B-936C-AA09A7062FE3}.Release|Any CPU.Build.0 = Release|Any CPU
		{7924FA71-863F-4B2B-936C-AA09A7062FE3}.Release|x64.ActiveCfg = Release|Any CPU
		{7924FA71-863F-4B2B-936C-AA09A7062FE3}.Release|x64.Build.0 = Release|Any CPU
		{7924FA71-863F-4B2B-936C-AA09A7062FE3}.Release|x86.ActiveCfg = Release|Any CPU
		{7924FA71-863F-4B2B-936C-AA09A7062FE3}.Release|x86.Build.0 = Release|Any CPU
		{C892B4D9-7B7D-21FA-7E66-407EDD0030F9}.Debug|Any CPU.ActiveCfg = Debug|Any CPU
		{C892B4D9-7B7D-21FA-7E66-407EDD0030F9}.Debug|Any CPU.Build.0 = Debug|Any CPU
		{C892B4D9-7B7D-21FA-7E66-407EDD0030F9}.Debug|x64.ActiveCfg = Debug|Any CPU
		{C892B4D9-7B7D-21FA-7E66-407EDD0030F9}.Debug|x64.Build.0 = Debug|Any CPU
		{C892B4D9-7B7D-21FA-7E66-407EDD0030F9}.Debug|x86.ActiveCfg = Debug|Any CPU
		{C892B4D9-7B7D-21FA-7E66-407EDD0030F9}.Debug|x86.Build.0 = Debug|Any CPU
		{C892B4D9-7B7D-21FA-7E66-407EDD0030F9}.Release|Any CPU.ActiveCfg = Release|Any CPU
		{C892B4D9-7B7D-21FA-7E66-407EDD0030F9}.Release|Any CPU.Build.0 = Release|Any CPU
		{C892B4D9-7B7D-21FA-7E66-407EDD0030F9}.Release|x64.ActiveCfg = Release|Any CPU
		{C892B4D9-7B7D-21FA-7E66-407EDD0030F9}.Release|x64.Build.0 = Release|Any CPU
		{C892B4D9-7B7D-21FA-7E66-407EDD0030F9}.Release|x86.ActiveCfg = Release|Any CPU
		{C892B4D9-7B7D-21FA-7E66-407EDD0030F9}.Release|x86.Build.0 = Release|Any CPU
		{F55C5FDA-501C-45D1-A0BA-6D352730A73C}.Debug|Any CPU.ActiveCfg = Debug|Any CPU
		{F55C5FDA-501C-45D1-A0BA-6D352730A73C}.Debug|Any CPU.Build.0 = Debug|Any CPU
		{F55C5FDA-501C-45D1-A0BA-6D352730A73C}.Debug|Any CPU.Deploy.0 = Debug|Any CPU
		{F55C5FDA-501C-45D1-A0BA-6D352730A73C}.Debug|x64.ActiveCfg = Debug|Any CPU
		{F55C5FDA-501C-45D1-A0BA-6D352730A73C}.Debug|x64.Build.0 = Debug|Any CPU
		{F55C5FDA-501C-45D1-A0BA-6D352730A73C}.Debug|x64.Deploy.0 = Debug|Any CPU
		{F55C5FDA-501C-45D1-A0BA-6D352730A73C}.Debug|x86.ActiveCfg = Debug|Any CPU
		{F55C5FDA-501C-45D1-A0BA-6D352730A73C}.Debug|x86.Build.0 = Debug|Any CPU
		{F55C5FDA-501C-45D1-A0BA-6D352730A73C}.Debug|x86.Deploy.0 = Debug|Any CPU
		{F55C5FDA-501C-45D1-A0BA-6D352730A73C}.Release|Any CPU.ActiveCfg = Release|Any CPU
		{F55C5FDA-501C-45D1-A0BA-6D352730A73C}.Release|Any CPU.Build.0 = Release|Any CPU
		{F55C5FDA-501C-45D1-A0BA-6D352730A73C}.Release|Any CPU.Deploy.0 = Release|Any CPU
		{F55C5FDA-501C-45D1-A0BA-6D352730A73C}.Release|x64.ActiveCfg = Release|Any CPU
		{F55C5FDA-501C-45D1-A0BA-6D352730A73C}.Release|x64.Build.0 = Release|Any CPU
		{F55C5FDA-501C-45D1-A0BA-6D352730A73C}.Release|x64.Deploy.0 = Release|Any CPU
		{F55C5FDA-501C-45D1-A0BA-6D352730A73C}.Release|x86.ActiveCfg = Release|Any CPU
		{F55C5FDA-501C-45D1-A0BA-6D352730A73C}.Release|x86.Build.0 = Release|Any CPU
		{F55C5FDA-501C-45D1-A0BA-6D352730A73C}.Release|x86.Deploy.0 = Release|Any CPU
		{3E55A65B-FF64-4F77-B1BC-B75251786EA0}.Debug|Any CPU.ActiveCfg = Debug|Any CPU
		{3E55A65B-FF64-4F77-B1BC-B75251786EA0}.Debug|Any CPU.Build.0 = Debug|Any CPU
		{3E55A65B-FF64-4F77-B1BC-B75251786EA0}.Debug|x64.ActiveCfg = Debug|Any CPU
		{3E55A65B-FF64-4F77-B1BC-B75251786EA0}.Debug|x64.Build.0 = Debug|Any CPU
		{3E55A65B-FF64-4F77-B1BC-B75251786EA0}.Debug|x86.ActiveCfg = Debug|Any CPU
		{3E55A65B-FF64-4F77-B1BC-B75251786EA0}.Debug|x86.Build.0 = Debug|Any CPU
		{3E55A65B-FF64-4F77-B1BC-B75251786EA0}.Release|Any CPU.ActiveCfg = Release|Any CPU
		{3E55A65B-FF64-4F77-B1BC-B75251786EA0}.Release|Any CPU.Build.0 = Release|Any CPU
		{3E55A65B-FF64-4F77-B1BC-B75251786EA0}.Release|x64.ActiveCfg = Release|Any CPU
		{3E55A65B-FF64-4F77-B1BC-B75251786EA0}.Release|x64.Build.0 = Release|Any CPU
		{3E55A65B-FF64-4F77-B1BC-B75251786EA0}.Release|x86.ActiveCfg = Release|Any CPU
		{3E55A65B-FF64-4F77-B1BC-B75251786EA0}.Release|x86.Build.0 = Release|Any CPU
		{6488292E-16C2-5EAF-7E6F-15CE63196377}.Debug|Any CPU.ActiveCfg = Debug|Any CPU
		{6488292E-16C2-5EAF-7E6F-15CE63196377}.Debug|Any CPU.Build.0 = Debug|Any CPU
		{6488292E-16C2-5EAF-7E6F-15CE63196377}.Debug|x64.ActiveCfg = Debug|Any CPU
		{6488292E-16C2-5EAF-7E6F-15CE63196377}.Debug|x64.Build.0 = Debug|Any CPU
		{6488292E-16C2-5EAF-7E6F-15CE63196377}.Debug|x86.ActiveCfg = Debug|Any CPU
		{6488292E-16C2-5EAF-7E6F-15CE63196377}.Debug|x86.Build.0 = Debug|Any CPU
		{6488292E-16C2-5EAF-7E6F-15CE63196377}.Release|Any CPU.ActiveCfg = Release|Any CPU
		{6488292E-16C2-5EAF-7E6F-15CE63196377}.Release|Any CPU.Build.0 = Release|Any CPU
		{6488292E-16C2-5EAF-7E6F-15CE63196377}.Release|x64.ActiveCfg = Release|Any CPU
		{6488292E-16C2-5EAF-7E6F-15CE63196377}.Release|x64.Build.0 = Release|Any CPU
		{6488292E-16C2-5EAF-7E6F-15CE63196377}.Release|x86.ActiveCfg = Release|Any CPU
		{6488292E-16C2-5EAF-7E6F-15CE63196377}.Release|x86.Build.0 = Release|Any CPU
	EndGlobalSection
	GlobalSection(SolutionProperties) = preSolution
		HideSolutionNode = FALSE
	EndGlobalSection
	GlobalSection(NestedProjects) = preSolution
		{B51F0A5B-810D-4B8A-B625-0E890345901C} = {02EA681E-C7D8-13C7-8484-4AC65E1B71E8}
		{7924FA71-863F-4B2B-936C-AA09A7062FE3} = {02EA681E-C7D8-13C7-8484-4AC65E1B71E8}
		{F55C5FDA-501C-45D1-A0BA-6D352730A73C} = {02EA681E-C7D8-13C7-8484-4AC65E1B71E8}
		{3E55A65B-FF64-4F77-B1BC-B75251786EA0} = {02EA681E-C7D8-13C7-8484-4AC65E1B71E8}
	EndGlobalSection
	GlobalSection(ExtensibilityGlobals) = postSolution
		SolutionGuid = {A0D41DD1-B357-47A8-AA18-0C9A32782A5B}
	EndGlobalSection
EndGlobal
